
Microsoft Visual Studio Solution File, Format Version 12.00
# Visual Studio Version 17
VisualStudioVersion = 17.9.34607.119
MinimumVisualStudioVersion = 10.0.40219.1
Project("{FAE04EC0-301F-11D3-BF4B-00C04F79EFBC}") = "AzureBlobTestTask.Server", "AzureBlobTestTask\Server\AzureBlobTestTask.Server.csproj", "{5E6ABDC1-7175-4174-9E0F-746FE11CF44B}"
EndProject
Project("{FAE04EC0-301F-11D3-BF4B-00C04F79EFBC}") = "AzureBlobTestTask.Client", "AzureBlobTestTask\Client\AzureBlobTestTask.Client.csproj", "{609B9D06-77E9-4BE1-86CA-0185BC3FFC05}"
EndProject
Project("{FAE04EC0-301F-11D3-BF4B-00C04F79EFBC}") = "AzureBlobTestTask.Shared", "AzureBlobTestTask\Shared\AzureBlobTestTask.Shared.csproj", "{5EC1097A-D144-4D1F-96D4-AA2841CB9455}"
EndProject
Project("{FAE04EC0-301F-11D3-BF4B-00C04F79EFBC}") = "Application", "Application\Application.csproj", "{EF6547D8-57EB-41DF-9542-0143F310F926}"
EndProject
Global
	GlobalSection(SolutionConfigurationPlatforms) = preSolution
		Debug|Any CPU = Debug|Any CPU
		Release|Any CPU = Release|Any CPU
	EndGlobalSection
	GlobalSection(ProjectConfigurationPlatforms) = postSolution
		{5E6ABDC1-7175-4174-9E0F-746FE11CF44B}.Debug|Any CPU.ActiveCfg = Debug|Any CPU
		{5E6ABDC1-7175-4174-9E0F-746FE11CF44B}.Debug|Any CPU.Build.0 = Debug|Any CPU
		{5E6ABDC1-7175-4174-9E0F-746FE11CF44B}.Release|Any CPU.ActiveCfg = Release|Any CPU
		{5E6ABDC1-7175-4174-9E0F-746FE11CF44B}.Release|Any CPU.Build.0 = Release|Any CPU
		{609B9D06-77E9-4BE1-86CA-0185BC3FFC05}.Debug|Any CPU.ActiveCfg = Debug|Any CPU
		{609B9D06-77E9-4BE1-86CA-0185BC3FFC05}.Debug|Any CPU.Build.0 = Debug|Any CPU
		{609B9D06-77E9-4BE1-86CA-0185BC3FFC05}.Release|Any CPU.ActiveCfg = Release|Any CPU
		{609B9D06-77E9-4BE1-86CA-0185BC3FFC05}.Release|Any CPU.Build.0 = Release|Any CPU
		{5EC1097A-D144-4D1F-96D4-AA2841CB9455}.Debug|Any CPU.ActiveCfg = Debug|Any CPU
		{5EC1097A-D144-4D1F-96D4-AA2841CB9455}.Debug|Any CPU.Build.0 = Debug|Any CPU
		{5EC1097A-D144-4D1F-96D4-AA2841CB9455}.Release|Any CPU.ActiveCfg = Release|Any CPU
		{5EC1097A-D144-4D1F-96D4-AA2841CB9455}.Release|Any CPU.Build.0 = Release|Any CPU
		{EF6547D8-57EB-41DF-9542-0143F310F926}.Debug|Any CPU.ActiveCfg = Debug|Any CPU
		{EF6547D8-57EB-41DF-9542-0143F310F926}.Debug|Any CPU.Build.0 = Debug|Any CPU
		{EF6547D8-57EB-41DF-9542-0143F310F926}.Release|Any CPU.ActiveCfg = Release|Any CPU
		{EF6547D8-57EB-41DF-9542-0143F310F926}.Release|Any CPU.Build.0 = Release|Any CPU
	EndGlobalSection
	GlobalSection(SolutionProperties) = preSolution
		HideSolutionNode = FALSE
	EndGlobalSection
	GlobalSection(ExtensibilityGlobals) = postSolution
		SolutionGuid = {86EFF57C-D603-4A16-8E8F-8F80C57CC54C}
	EndGlobalSection
EndGlobal
